
Microsoft Visual Studio Solution File, Format Version 12.00
Project("{FAE04EC0-301F-11D3-BF4B-00C04F79EFBC}") = "GameDrive.ClientV2", "GameDrive.ClientV2\GameDrive.ClientV2.csproj", "{847A2AC0-ED9E-45D4-826C-B8D2948ECB2E}"
EndProject
Global
	GlobalSection(SolutionConfigurationPlatforms) = preSolution
		Debug|Any CPU = Debug|Any CPU
		Release|Any CPU = Release|Any CPU
	EndGlobalSection
	GlobalSection(ProjectConfigurationPlatforms) = postSolution
		{847A2AC0-ED9E-45D4-826C-B8D2948ECB2E}.Debug|Any CPU.ActiveCfg = Debug|Any CPU
		{847A2AC0-ED9E-45D4-826C-B8D2948ECB2E}.Debug|Any CPU.Build.0 = Debug|Any CPU
		{847A2AC0-ED9E-45D4-826C-B8D2948ECB2E}.Release|Any CPU.ActiveCfg = Release|Any CPU
		{847A2AC0-ED9E-45D4-826C-B8D2948ECB2E}.Release|Any CPU.Build.0 = Release|Any CPU
	EndGlobalSection
EndGlobal
